// !$*UTF8*$!
{
	archiveVersion = 1;
	classes = {
	};
	objectVersion = 46;
	objects = {

/* Begin PBXBuildFile section */
		0109ABCF1C0868DD0035DBF5 /* AppDelegate.swift in Sources */ = {isa = PBXBuildFile; fileRef = 0109ABCE1C0868DD0035DBF5 /* AppDelegate.swift */; };
		0109ABD41C0868DD0035DBF5 /* Main.storyboard in Resources */ = {isa = PBXBuildFile; fileRef = 0109ABD21C0868DD0035DBF5 /* Main.storyboard */; };
		0109ABD61C0868DD0035DBF5 /* Assets.xcassets in Resources */ = {isa = PBXBuildFile; fileRef = 0109ABD51C0868DD0035DBF5 /* Assets.xcassets */; };
		0109ABD91C0868DD0035DBF5 /* LaunchScreen.storyboard in Resources */ = {isa = PBXBuildFile; fileRef = 0109ABD71C0868DD0035DBF5 /* LaunchScreen.storyboard */; };
		0109ABE31C086AF10035DBF5 /* CollectionViewController.swift in Sources */ = {isa = PBXBuildFile; fileRef = 0109ABE21C086AF10035DBF5 /* CollectionViewController.swift */; };
		0109ABE51C0872C60035DBF5 /* ThemesTableViewController.swift in Sources */ = {isa = PBXBuildFile; fileRef = 0109ABE41C0872C60035DBF5 /* ThemesTableViewController.swift */; };
		0176C68C1C088DCF00BDFBB2 /* BasicCell.swift in Sources */ = {isa = PBXBuildFile; fileRef = 0176C68B1C088DCF00BDFBB2 /* BasicCell.swift */; };
		01B9715B1C0E00BC0005C5B4 /* Localizable.strings in Resources */ = {isa = PBXBuildFile; fileRef = 01B9715D1C0E00BC0005C5B4 /* Localizable.strings */; };
/* End PBXBuildFile section */

/* Begin PBXFileReference section */
		0109ABCB1C0868DD0035DBF5 /* translations.app */ = {isa = PBXFileReference; explicitFileType = wrapper.application; includeInIndex = 0; path = translations.app; sourceTree = BUILT_PRODUCTS_DIR; };
		0109ABCE1C0868DD0035DBF5 /* AppDelegate.swift */ = {isa = PBXFileReference; lastKnownFileType = sourcecode.swift; path = AppDelegate.swift; sourceTree = "<group>"; };
		0109ABD31C0868DD0035DBF5 /* Base */ = {isa = PBXFileReference; lastKnownFileType = file.storyboard; name = Base; path = Base.lproj/Main.storyboard; sourceTree = "<group>"; };
		0109ABD51C0868DD0035DBF5 /* Assets.xcassets */ = {isa = PBXFileReference; lastKnownFileType = folder.assetcatalog; path = Assets.xcassets; sourceTree = "<group>"; };
		0109ABD81C0868DD0035DBF5 /* Base */ = {isa = PBXFileReference; lastKnownFileType = file.storyboard; name = Base; path = Base.lproj/LaunchScreen.storyboard; sourceTree = "<group>"; };
		0109ABDA1C0868DD0035DBF5 /* Info.plist */ = {isa = PBXFileReference; lastKnownFileType = text.plist.xml; path = Info.plist; sourceTree = "<group>"; };
		0109ABE21C086AF10035DBF5 /* CollectionViewController.swift */ = {isa = PBXFileReference; fileEncoding = 4; lastKnownFileType = sourcecode.swift; path = CollectionViewController.swift; sourceTree = "<group>"; };
		0109ABE41C0872C60035DBF5 /* ThemesTableViewController.swift */ = {isa = PBXFileReference; fileEncoding = 4; lastKnownFileType = sourcecode.swift; path = ThemesTableViewController.swift; sourceTree = "<group>"; };
		0176C68B1C088DCF00BDFBB2 /* BasicCell.swift */ = {isa = PBXFileReference; fileEncoding = 4; lastKnownFileType = sourcecode.swift; path = BasicCell.swift; sourceTree = "<group>"; };
		01B971571C0DFF4B0005C5B4 /* fr */ = {isa = PBXFileReference; lastKnownFileType = text.plist.strings; name = fr; path = fr.lproj/Main.strings; sourceTree = "<group>"; };
		01B971581C0DFF4B0005C5B4 /* fr */ = {isa = PBXFileReference; lastKnownFileType = text.plist.strings; name = fr; path = fr.lproj/LaunchScreen.strings; sourceTree = "<group>"; };
		01B9715C1C0E00BC0005C5B4 /* Base */ = {isa = PBXFileReference; lastKnownFileType = text.plist.strings; name = Base; path = Base.lproj/Localizable.strings; sourceTree = "<group>"; };
		01B9715F1C0E15760005C5B4 /* fr */ = {isa = PBXFileReference; lastKnownFileType = text.plist.strings; name = fr; path = fr.lproj/Localizable.strings; sourceTree = "<group>"; };
/* End PBXFileReference section */

/* Begin PBXFrameworksBuildPhase section */
		0109ABC81C0868DD0035DBF5 /* Frameworks */ = {
			isa = PBXFrameworksBuildPhase;
			buildActionMask = 2147483647;
			files = (
			);
			runOnlyForDeploymentPostprocessing = 0;
		};
/* End PBXFrameworksBuildPhase section */

/* Begin PBXGroup section */
		0109ABC21C0868DD0035DBF5 = {
			isa = PBXGroup;
			children = (
				0109ABCD1C0868DD0035DBF5 /* translations */,
				0109ABCC1C0868DD0035DBF5 /* Products */,
			);
			sourceTree = "<group>";
		};
		0109ABCC1C0868DD0035DBF5 /* Products */ = {
			isa = PBXGroup;
			children = (
				0109ABCB1C0868DD0035DBF5 /* translations.app */,
			);
			name = Products;
			sourceTree = "<group>";
		};
		0109ABCD1C0868DD0035DBF5 /* translations */ = {
			isa = PBXGroup;
			children = (
				01B9715D1C0E00BC0005C5B4 /* Localizable.strings */,
				0109ABCE1C0868DD0035DBF5 /* AppDelegate.swift */,
				0109ABD21C0868DD0035DBF5 /* Main.storyboard */,
				0109ABD51C0868DD0035DBF5 /* Assets.xcassets */,
				0109ABD71C0868DD0035DBF5 /* LaunchScreen.storyboard */,
				0109ABDA1C0868DD0035DBF5 /* Info.plist */,
				0109ABE21C086AF10035DBF5 /* CollectionViewController.swift */,
				0109ABE41C0872C60035DBF5 /* ThemesTableViewController.swift */,
				0176C68B1C088DCF00BDFBB2 /* BasicCell.swift */,
			);
			path = translations;
			sourceTree = "<group>";
		};
/* End PBXGroup section */

/* Begin PBXNativeTarget section */
		0109ABCA1C0868DD0035DBF5 /* translations */ = {
			isa = PBXNativeTarget;
			buildConfigurationList = 0109ABDD1C0868DD0035DBF5 /* Build configuration list for PBXNativeTarget "translations" */;
			buildPhases = (
				0109ABC71C0868DD0035DBF5 /* Sources */,
				0109ABC81C0868DD0035DBF5 /* Frameworks */,
				0109ABC91C0868DD0035DBF5 /* Resources */,
			);
			buildRules = (
			);
			dependencies = (
			);
			name = translations;
			productName = translations;
			productReference = 0109ABCB1C0868DD0035DBF5 /* translations.app */;
			productType = "com.apple.product-type.application";
		};
/* End PBXNativeTarget section */

/* Begin PBXProject section */
		0109ABC31C0868DD0035DBF5 /* Project object */ = {
			isa = PBXProject;
			attributes = {
				LastSwiftUpdateCheck = 0710;
				LastUpgradeCheck = 0710;
				ORGANIZATIONNAME = "Sinnerschrader Mobile";
				TargetAttributes = {
					0109ABCA1C0868DD0035DBF5 = {
						CreatedOnToolsVersion = 7.1;
					};
				};
			};
			buildConfigurationList = 0109ABC61C0868DD0035DBF5 /* Build configuration list for PBXProject "translations" */;
			compatibilityVersion = "Xcode 3.2";
			developmentRegion = English;
			hasScannedForEncodings = 0;
			knownRegions = (
				en,
				Base,
				fr,
			);
			mainGroup = 0109ABC21C0868DD0035DBF5;
			productRefGroup = 0109ABCC1C0868DD0035DBF5 /* Products */;
			projectDirPath = "";
			projectRoot = "";
			targets = (
				0109ABCA1C0868DD0035DBF5 /* translations */,
			);
		};
/* End PBXProject section */

/* Begin PBXResourcesBuildPhase section */
		0109ABC91C0868DD0035DBF5 /* Resources */ = {
			isa = PBXResourcesBuildPhase;
			buildActionMask = 2147483647;
			files = (
				0109ABD91C0868DD0035DBF5 /* LaunchScreen.storyboard in Resources */,
				01B9715B1C0E00BC0005C5B4 /* Localizable.strings in Resources */,
				0109ABD61C0868DD0035DBF5 /* Assets.xcassets in Resources */,
				0109ABD41C0868DD0035DBF5 /* Main.storyboard in Resources */,
			);
			runOnlyForDeploymentPostprocessing = 0;
		};
/* End PBXResourcesBuildPhase section */

/* Begin PBXSourcesBuildPhase section */
		0109ABC71C0868DD0035DBF5 /* Sources */ = {
			isa = PBXSourcesBuildPhase;
			buildActionMask = 2147483647;
			files = (
				0176C68C1C088DCF00BDFBB2 /* BasicCell.swift in Sources */,
				0109ABE51C0872C60035DBF5 /* ThemesTableViewController.swift in Sources */,
				0109ABE31C086AF10035DBF5 /* CollectionViewController.swift in Sources */,
				0109ABCF1C0868DD0035DBF5 /* AppDelegate.swift in Sources */,
			);
			runOnlyForDeploymentPostprocessing = 0;
		};
/* End PBXSourcesBuildPhase section */

/* Begin PBXVariantGroup section */
		0109ABD21C0868DD0035DBF5 /* Main.storyboard */ = {
			isa = PBXVariantGroup;
			children = (
				0109ABD31C0868DD0035DBF5 /* Base */,
				01B971571C0DFF4B0005C5B4 /* fr */,
			);
			name = Main.storyboard;
			sourceTree = "<group>";
		};
		0109ABD71C0868DD0035DBF5 /* LaunchScreen.storyboard */ = {
			isa = PBXVariantGroup;
			children = (
				0109ABD81C0868DD0035DBF5 /* Base */,
				01B971581C0DFF4B0005C5B4 /* fr */,
			);
			name = LaunchScreen.storyboard;
			sourceTree = "<group>";
		};
		01B9715D1C0E00BC0005C5B4 /* Localizable.strings */ = {
			isa = PBXVariantGroup;
			children = (
				01B9715C1C0E00BC0005C5B4 /* Base */,
				01B9715F1C0E15760005C5B4 /* fr */,
			);
			name = Localizable.strings;
			sourceTree = "<group>";
		};
/* End PBXVariantGroup section */

/* Begin XCBuildConfiguration section */
		0109ABDB1C0868DD0035DBF5 /* Debug */ = {
			isa = XCBuildConfiguration;
			buildSettings = {
				ALWAYS_SEARCH_USER_PATHS = NO;
				CLANG_CXX_LANGUAGE_STANDARD = "gnu++0x";
				CLANG_CXX_LIBRARY = "libc++";
				CLANG_ENABLE_MODULES = YES;
				CLANG_ENABLE_OBJC_ARC = YES;
				CLANG_WARN_BOOL_CONVERSION = YES;
				CLANG_WARN_CONSTANT_CONVERSION = YES;
				CLANG_WARN_DIRECT_OBJC_ISA_USAGE = YES_ERROR;
				CLANG_WARN_EMPTY_BODY = YES;
				CLANG_WARN_ENUM_CONVERSION = YES;
				CLANG_WARN_INT_CONVERSION = YES;
				CLANG_WARN_OBJC_ROOT_CLASS = YES_ERROR;
				CLANG_WARN_UNREACHABLE_CODE = YES;
				CLANG_WARN__DUPLICATE_METHOD_MATCH = YES;
				"CODE_SIGN_IDENTITY[sdk=iphoneos*]" = "iPhone Developer";
				COPY_PHASE_STRIP = NO;
				DEBUG_INFORMATION_FORMAT = dwarf;
				ENABLE_STRICT_OBJC_MSGSEND = YES;
				ENABLE_TESTABILITY = YES;
				GCC_C_LANGUAGE_STANDARD = gnu99;
				GCC_DYNAMIC_NO_PIC = NO;
				GCC_NO_COMMON_BLOCKS = YES;
				GCC_OPTIMIZATION_LEVEL = 0;
				GCC_PREPROCESSOR_DEFINITIONS = (
					"DEBUG=1",
					"$(inherited)",
				);
				GCC_WARN_64_TO_32_BIT_CONVERSION = YES;
				GCC_WARN_ABOUT_RETURN_TYPE = YES_ERROR;
				GCC_WARN_UNDECLARED_SELECTOR = YES;
				GCC_WARN_UNINITIALIZED_AUTOS = YES_AGGRESSIVE;
				GCC_WARN_UNUSED_FUNCTION = YES;
				GCC_WARN_UNUSED_VARIABLE = YES;
				IPHONEOS_DEPLOYMENT_TARGET = 9.1;
				MTL_ENABLE_DEBUG_INFO = YES;
				ONLY_ACTIVE_ARCH = YES;
				SDKROOT = iphoneos;
				SWIFT_OPTIMIZATION_LEVEL = "-Onone";
			};
			name = Debug;
		};
		0109ABDC1C0868DD0035DBF5 /* Release */ = {
			isa = XCBuildConfiguration;
			buildSettings = {
				ALWAYS_SEARCH_USER_PATHS = NO;
				CLANG_CXX_LANGUAGE_STANDARD = "gnu++0x";
				CLANG_CXX_LIBRARY = "libc++";
				CLANG_ENABLE_MODULES = YES;
				CLANG_ENABLE_OBJC_ARC = YES;
				CLANG_WARN_BOOL_CONVERSION = YES;
				CLANG_WARN_CONSTANT_CONVERSION = YES;
				CLANG_WARN_DIRECT_OBJC_ISA_USAGE = YES_ERROR;
				CLANG_WARN_EMPTY_BODY = YES;
				CLANG_WARN_ENUM_CONVERSION = YES;
				CLANG_WARN_INT_CONVERSION = YES;
				CLANG_WARN_OBJC_ROOT_CLASS = YES_ERROR;
				CLANG_WARN_UNREACHABLE_CODE = YES;
				CLANG_WARN__DUPLICATE_METHOD_MATCH = YES;
				"CODE_SIGN_IDENTITY[sdk=iphoneos*]" = "iPhone Developer";
				COPY_PHASE_STRIP = NO;
				DEBUG_INFORMATION_FORMAT = "dwarf-with-dsym";
				ENABLE_NS_ASSERTIONS = NO;
				ENABLE_STRICT_OBJC_MSGSEND = YES;
				GCC_C_LANGUAGE_STANDARD = gnu99;
				GCC_NO_COMMON_BLOCKS = YES;
				GCC_WARN_64_TO_32_BIT_CONVERSION = YES;
				GCC_WARN_ABOUT_RETURN_TYPE = YES_ERROR;
				GCC_WARN_UNDECLARED_SELECTOR = YES;
				GCC_WARN_UNINITIALIZED_AUTOS = YES_AGGRESSIVE;
				GCC_WARN_UNUSED_FUNCTION = YES;
				GCC_WARN_UNUSED_VARIABLE = YES;
				IPHONEOS_DEPLOYMENT_TARGET = 9.1;
				MTL_ENABLE_DEBUG_INFO = NO;
				SDKROOT = iphoneos;
				VALIDATE_PRODUCT = YES;
			};
			name = Release;
		};
		0109ABDE1C0868DD0035DBF5 /* Debug */ = {
			isa = XCBuildConfiguration;
			buildSettings = {
				ASSETCATALOG_COMPILER_APPICON_NAME = AppIcon;
				INFOPLIST_FILE = translations/Info.plist;
				LD_RUNPATH_SEARCH_PATHS = "$(inherited) @executable_path/Frameworks";
				PRODUCT_BUNDLE_IDENTIFIER = "com.sinnerschrader-mobile.translations";
				PRODUCT_NAME = "$(TARGET_NAME)";
			};
			name = Debug;
		};
		0109ABDF1C0868DD0035DBF5 /* Release */ = {
			isa = XCBuildConfiguration;
			buildSettings = {
				ASSETCATALOG_COMPILER_APPICON_NAME = AppIcon;
				INFOPLIST_FILE = translations/Info.plist;
				LD_RUNPATH_SEARCH_PATHS = "$(inherited) @executable_path/Frameworks";
				PRODUCT_BUNDLE_IDENTIFIER = "com.sinnerschrader-mobile.translations";
				PRODUCT_NAME = "$(TARGET_NAME)";
			};
			name = Release;
		};
/* End XCBuildConfiguration section */

/* Begin XCConfigurationList section */
		0109ABC61C0868DD0035DBF5 /* Build configuration list for PBXProject "translations" */ = {
			isa = XCConfigurationList;
			buildConfigurations = (
				0109ABDB1C0868DD0035DBF5 /* Debug */,
				0109ABDC1C0868DD0035DBF5 /* Release */,
			);
			defaultConfigurationIsVisible = 0;
			defaultConfigurationName = Release;
		};
		0109ABDD1C0868DD0035DBF5 /* Build configuration list for PBXNativeTarget "translations" */ = {
			isa = XCConfigurationList;
			buildConfigurations = (
				0109ABDE1C0868DD0035DBF5 /* Debug */,
				0109ABDF1C0868DD0035DBF5 /* Release */,
			);
			defaultConfigurationIsVisible = 0;
			defaultConfigurationName = Release;
		};
/* End XCConfigurationList section */
	};
	rootObject = 0109ABC31C0868DD0035DBF5 /* Project object */;
}
